# This file is automatically @generated by Cargo.
# It is not intended for manual editing.
version = 3

[[package]]
name = "unnamed_cpu_assembler"
version = "0.1.0"

[[package]]
name = "unnamed_cpu_lib"
version = "0.1.0"

[[package]]
name = "unnamed_cpu_runtime"
version = "0.1.0"
dependencies = [
 "unnamed_cpu_lib",
]
